PATH
  remote: .
  specs:
    collections (0.1.0)

GEM
  remote: https://rubygems.org/
  specs:
    diff-lcs (1.6.2)
    rake (13.3.1)
   

PLATFORMS
  x64-mingw-ucrt

DEPENDENCIES
  collections!
  rake (~> 13.0)

CHECKSUMS
  collections (0.1.0)
  diff-lcs (1.6.2) sha256=9ae0d2cba7d4df3075fe8cd8602a8604993efc0dfa934cff568969efb1909962
  rake (13.3.1) sha256=8c9e89d09f66a26a01264e7e3480ec0607f0c497a861ef16063604b1b08eb19c
  

BUNDLED WITH
  4.0.3
